
Microsoft Visual Studio Solution File, Format Version 12.00
# Visual Studio Version 16
VisualStudioVersion = 16.0.28407.52
MinimumVisualStudioVersion = 10.0.40219.1
Project("{FAE04EC0-301F-11D3-BF4B-00C04F79EFBC}") = "WebApplicationNEW", "WebApplicationNEW\WebApplicationNEW.csproj", "{378055F0-B254-43F4-B657-C2F80383EDAD}"
EndProject
Global
	GlobalSection(SolutionConfigurationPlatforms) = preSolution
		Debug|Any CPU = Debug|Any CPU
		Release|Any CPU = Release|Any CPU
	EndGlobalSection
	GlobalSection(ProjectConfigurationPlatforms) = postSolution
		{378055F0-B254-43F4-B657-C2F80383EDAD}.Debug|Any CPU.ActiveCfg = Debug|Any CPU
		{378055F0-B254-43F4-B657-C2F80383EDAD}.Debug|Any CPU.Build.0 = Debug|Any CPU
		{378055F0-B254-43F4-B657-C2F80383EDAD}.Release|Any CPU.ActiveCfg = Release|Any CPU
		{378055F0-B254-43F4-B657-C2F80383EDAD}.Release|Any CPU.Build.0 = Release|Any CPU
	EndGlobalSection
	GlobalSection(SolutionProperties) = preSolution
		HideSolutionNode = FALSE
	EndGlobalSection
	GlobalSection(ExtensibilityGlobals) = postSolution
		SolutionGuid = {5611762A-F166-440F-9255-CA4BB80788D3}
	EndGlobalSection
EndGlobal
